
Microsoft Visual Studio Solution File, Format Version 12.00
# Visual Studio Version 16
VisualStudioVersion = 16.0.31410.357
MinimumVisualStudioVersion = 10.0.40219.1
Project("{FAE04EC0-301F-11D3-BF4B-00C04F79EFBC}") = "GridGenerator", "GridGenerator.csproj", "{285659DB-7143-4F42-BE98-D99667279711}"
EndProject
Global
	GlobalSection(SolutionConfigurationPlatforms) = preSolution
		Debug|Any CPU = Debug|Any CPU
		Release|Any CPU = Release|Any CPU
	EndGlobalSection
	GlobalSection(ProjectConfigurationPlatforms) = postSolution
		{285659DB-7143-4F42-BE98-D99667279711}.Debug|Any CPU.ActiveCfg = Debug|Any CPU
		{285659DB-7143-4F42-BE98-D99667279711}.Debug|Any CPU.Build.0 = Debug|Any CPU
		{285659DB-7143-4F42-BE98-D99667279711}.Release|Any CPU.ActiveCfg = Release|Any CPU
		{285659DB-7143-4F42-BE98-D99667279711}.Release|Any CPU.Build.0 = Release|Any CPU
	EndGlobalSection
	GlobalSection(SolutionProperties) = preSolution
		HideSolutionNode = FALSE
	EndGlobalSection
	GlobalSection(ExtensibilityGlobals) = postSolution
		SolutionGuid = {65C29EDC-8321-4B88-BB79-22C68D4D1BA7}
	EndGlobalSection
EndGlobal
